// !$*UTF8*$!
{
	archiveVersion = 1;
	classes = {
	};
	objectVersion = 46;
	objects = {

/* Begin PBXBuildFile section */
		6D50306A1CA8E42000675396 /* AppDelegate.swift in Sources */ = {isa = PBXBuildFile; fileRef = 6D5030691CA8E42000675396 /* AppDelegate.swift */; };
		6D50306C1CA8E42000675396 /* LoginViewController.swift in Sources */ = {isa = PBXBuildFile; fileRef = 6D50306B1CA8E42000675396 /* LoginViewController.swift */; };
		6D50306F1CA8E42000675396 /* Main.storyboard in Resources */ = {isa = PBXBuildFile; fileRef = 6D50306D1CA8E42000675396 /* Main.storyboard */; };
		6D5030711CA8E42000675396 /* Assets.xcassets in Resources */ = {isa = PBXBuildFile; fileRef = 6D5030701CA8E42000675396 /* Assets.xcassets */; };
		6D5030741CA8E42000675396 /* LaunchScreen.storyboard in Resources */ = {isa = PBXBuildFile; fileRef = 6D5030721CA8E42000675396 /* LaunchScreen.storyboard */; };
		6D50307F1CA8F65D00675396 /* Constants.swift in Sources */ = {isa = PBXBuildFile; fileRef = 6D50307E1CA8F65D00675396 /* Constants.swift */; };
		6D5030811CA9189300675396 /* User.swift in Sources */ = {isa = PBXBuildFile; fileRef = 6D5030801CA9189300675396 /* User.swift */; };
		6D7749B61CAA23FF0081CD76 /* Student.swift in Sources */ = {isa = PBXBuildFile; fileRef = 6D7749B51CAA23FF0081CD76 /* Student.swift */; };
		6D91D2921CAFA9FE00911948 /* LocationDetailViewController.swift in Sources */ = {isa = PBXBuildFile; fileRef = 6D91D2911CAFA9FE00911948 /* LocationDetailViewController.swift */; };
		6DC697E81CA9494700478E9A /* GCDBlackBox.swift in Sources */ = {isa = PBXBuildFile; fileRef = 6DC697E71CA9494700478E9A /* GCDBlackBox.swift */; };
		6DC697EA1CA9553700478E9A /* MainMapViewController.swift in Sources */ = {isa = PBXBuildFile; fileRef = 6DC697E91CA9553700478E9A /* MainMapViewController.swift */; };
		6DC697EC1CA955B400478E9A /* MapKit.framework in Frameworks */ = {isa = PBXBuildFile; fileRef = 6DC697EB1CA955B400478E9A /* MapKit.framework */; };
		6DC697EE1CA957B200478E9A /* UserListTableViewController.swift in Sources */ = {isa = PBXBuildFile; fileRef = 6DC697ED1CA957B200478E9A /* UserListTableViewController.swift */; };
/* End PBXBuildFile section */

/* Begin PBXFileReference section */
		6D5030661CA8E42000675396 /* awmap.app */ = {isa = PBXFileReference; explicitFileType = wrapper.application; includeInIndex = 0; path = awmap.app; sourceTree = BUILT_PRODUCTS_DIR; };
		6D5030691CA8E42000675396 /* AppDelegate.swift */ = {isa = PBXFileReference; lastKnownFileType = sourcecode.swift; path = AppDelegate.swift; sourceTree = "<group>"; };
		6D50306B1CA8E42000675396 /* LoginViewController.swift */ = {isa = PBXFileReference; lastKnownFileType = sourcecode.swift; path = LoginViewController.swift; sourceTree = "<group>"; };
		6D50306E1CA8E42000675396 /* Base */ = {isa = PBXFileReference; lastKnownFileType = file.storyboard; name = Base; path = Base.lproj/Main.storyboard; sourceTree = "<group>"; };
		6D5030701CA8E42000675396 /* Assets.xcassets */ = {isa = PBXFileReference; lastKnownFileType = folder.assetcatalog; path = Assets.xcassets; sourceTree = "<group>"; };
		6D5030731CA8E42000675396 /* Base */ = {isa = PBXFileReference; lastKnownFileType = file.storyboard; name = Base; path = Base.lproj/LaunchScreen.storyboard; sourceTree = "<group>"; };
		6D5030751CA8E42000675396 /* Info.plist */ = {isa = PBXFileReference; lastKnownFileType = text.plist.xml; path = Info.plist; sourceTree = "<group>"; };
		6D50307E1CA8F65D00675396 /* Constants.swift */ = {isa = PBXFileReference; fileEncoding = 4; lastKnownFileType = sourcecode.swift; path = Constants.swift; sourceTree = "<group>"; };
		6D5030801CA9189300675396 /* User.swift */ = {isa = PBXFileReference; fileEncoding = 4; lastKnownFileType = sourcecode.swift; path = User.swift; sourceTree = "<group>"; };
		6D7749B51CAA23FF0081CD76 /* Student.swift */ = {isa = PBXFileReference; fileEncoding = 4; lastKnownFileType = sourcecode.swift; path = Student.swift; sourceTree = "<group>"; };
		6D91D2911CAFA9FE00911948 /* LocationDetailViewController.swift */ = {isa = PBXFileReference; fileEncoding = 4; lastKnownFileType = sourcecode.swift; path = LocationDetailViewController.swift; sourceTree = "<group>"; };
		6DC697E71CA9494700478E9A /* GCDBlackBox.swift */ = {isa = PBXFileReference; fileEncoding = 4; lastKnownFileType = sourcecode.swift; path = GCDBlackBox.swift; sourceTree = "<group>"; };
		6DC697E91CA9553700478E9A /* MainMapViewController.swift */ = {isa = PBXFileReference; fileEncoding = 4; lastKnownFileType = sourcecode.swift; path = MainMapViewController.swift; sourceTree = "<group>"; };
		6DC697EB1CA955B400478E9A /* MapKit.framework */ = {isa = PBXFileReference; lastKnownFileType = wrapper.framework; name = MapKit.framework; path = System/Library/Frameworks/MapKit.framework; sourceTree = SDKROOT; };
		6DC697ED1CA957B200478E9A /* UserListTableViewController.swift */ = {isa = PBXFileReference; fileEncoding = 4; lastKnownFileType = sourcecode.swift; path = UserListTableViewController.swift; sourceTree = "<group>"; };
/* End PBXFileReference section */

/* Begin PBXFrameworksBuildPhase section */
		6D5030631CA8E42000675396 /* Frameworks */ = {
			isa = PBXFrameworksBuildPhase;
			buildActionMask = 2147483647;
			files = (
				6DC697EC1CA955B400478E9A /* MapKit.framework in Frameworks */,
			);
			runOnlyForDeploymentPostprocessing = 0;
		};
/* End PBXFrameworksBuildPhase section */

/* Begin PBXGroup section */
		6D50305D1CA8E42000675396 = {
			isa = PBXGroup;
			children = (
				6DC697EB1CA955B400478E9A /* MapKit.framework */,
				6D5030681CA8E42000675396 /* awmap */,
				6D5030671CA8E42000675396 /* Products */,
			);
			sourceTree = "<group>";
		};
		6D5030671CA8E42000675396 /* Products */ = {
			isa = PBXGroup;
			children = (
				6D5030661CA8E42000675396 /* awmap.app */,
			);
			name = Products;
			sourceTree = "<group>";
		};
		6D5030681CA8E42000675396 /* awmap */ = {
			isa = PBXGroup;
			children = (
				6D5030691CA8E42000675396 /* AppDelegate.swift */,
				6DC697E71CA9494700478E9A /* GCDBlackBox.swift */,
				6D50307D1CA8EF1500675396 /* View Controller */,
				6D50307B1CA8EF0B00675396 /* Model */,
				6D50306D1CA8E42000675396 /* Main.storyboard */,
				6D5030701CA8E42000675396 /* Assets.xcassets */,
				6D5030721CA8E42000675396 /* LaunchScreen.storyboard */,
				6D5030751CA8E42000675396 /* Info.plist */,
			);
			path = awmap;
			sourceTree = "<group>";
		};
		6D50307B1CA8EF0B00675396 /* Model */ = {
			isa = PBXGroup;
			children = (
				6D50307E1CA8F65D00675396 /* Constants.swift */,
				6D5030801CA9189300675396 /* User.swift */,
				6D7749B51CAA23FF0081CD76 /* Student.swift */,
			);
			name = Model;
			sourceTree = "<group>";
		};
		6D50307D1CA8EF1500675396 /* View Controller */ = {
			isa = PBXGroup;
			children = (
				6D50306B1CA8E42000675396 /* LoginViewController.swift */,
				6DC697E91CA9553700478E9A /* MainMapViewController.swift */,
				6DC697ED1CA957B200478E9A /* UserListTableViewController.swift */,
				6D91D2911CAFA9FE00911948 /* LocationDetailViewController.swift */,
			);
			name = "View Controller";
			sourceTree = "<group>";
		};
/* End PBXGroup section */

/* Begin PBXNativeTarget section */
		6D5030651CA8E42000675396 /* awmap */ = {
			isa = PBXNativeTarget;
			buildConfigurationList = 6D5030781CA8E42000675396 /* Build configuration list for PBXNativeTarget "awmap" */;
			buildPhases = (
				6D5030621CA8E42000675396 /* Sources */,
				6D5030631CA8E42000675396 /* Frameworks */,
				6D5030641CA8E42000675396 /* Resources */,
			);
			buildRules = (
			);
			dependencies = (
			);
			name = awmap;
			productName = awmap;
			productReference = 6D5030661CA8E42000675396 /* awmap.app */;
			productType = "com.apple.product-type.application";
		};
/* End PBXNativeTarget section */

/* Begin PBXProject section */
		6D50305E1CA8E42000675396 /* Project object */ = {
			isa = PBXProject;
			attributes = {
				LastSwiftUpdateCheck = 0720;
				LastUpgradeCheck = 0720;
				ORGANIZATIONNAME = "Andree Wijaya";
				TargetAttributes = {
					6D5030651CA8E42000675396 = {
						CreatedOnToolsVersion = 7.2.1;
						DevelopmentTeam = 8DW23DN273;
						SystemCapabilities = {
							com.apple.Maps.iOS = {
								enabled = 1;
							};
						};
					};
				};
			};
			buildConfigurationList = 6D5030611CA8E42000675396 /* Build configuration list for PBXProject "awmap" */;
			compatibilityVersion = "Xcode 3.2";
			developmentRegion = English;
			hasScannedForEncodings = 0;
			knownRegions = (
				en,
				Base,
			);
			mainGroup = 6D50305D1CA8E42000675396;
			productRefGroup = 6D5030671CA8E42000675396 /* Products */;
			projectDirPath = "";
			projectRoot = "";
			targets = (
				6D5030651CA8E42000675396 /* awmap */,
			);
		};
/* End PBXProject section */

/* Begin PBXResourcesBuildPhase section */
		6D5030641CA8E42000675396 /* Resources */ = {
			isa = PBXResourcesBuildPhase;
			buildActionMask = 2147483647;
			files = (
				6D5030741CA8E42000675396 /* LaunchScreen.storyboard in Resources */,
				6D5030711CA8E42000675396 /* Assets.xcassets in Resources */,
				6D50306F1CA8E42000675396 /* Main.storyboard in Resources */,
			);
			runOnlyForDeploymentPostprocessing = 0;
		};
/* End PBXResourcesBuildPhase section */

/* Begin PBXSourcesBuildPhase section */
		6D5030621CA8E42000675396 /* Sources */ = {
			isa = PBXSourcesBuildPhase;
			buildActionMask = 2147483647;
			files = (
				6DC697EA1CA9553700478E9A /* MainMapViewController.swift in Sources */,
				6D5030811CA9189300675396 /* User.swift in Sources */,
				6D50306C1CA8E42000675396 /* LoginViewController.swift in Sources */,
				6DC697EE1CA957B200478E9A /* UserListTableViewController.swift in Sources */,
				6D91D2921CAFA9FE00911948 /* LocationDetailViewController.swift in Sources */,
				6D50306A1CA8E42000675396 /* AppDelegate.swift in Sources */,
				6D50307F1CA8F65D00675396 /* Constants.swift in Sources */,
				6DC697E81CA9494700478E9A /* GCDBlackBox.swift in Sources */,
				6D7749B61CAA23FF0081CD76 /* Student.swift in Sources */,
			);
			runOnlyForDeploymentPostprocessing = 0;
		};
/* End PBXSourcesBuildPhase section */

/* Begin PBXVariantGroup section */
		6D50306D1CA8E42000675396 /* Main.storyboard */ = {
			isa = PBXVariantGroup;
			children = (
				6D50306E1CA8E42000675396 /* Base */,
			);
			name = Main.storyboard;
			sourceTree = "<group>";
		};
		6D5030721CA8E42000675396 /* LaunchScreen.storyboard */ = {
			isa = PBXVariantGroup;
			children = (
				6D5030731CA8E42000675396 /* Base */,
			);
			name = LaunchScreen.storyboard;
			sourceTree = "<group>";
		};
/* End PBXVariantGroup section */

/* Begin XCBuildConfiguration section */
		6D5030761CA8E42000675396 /* Debug */ = {
			isa = XCBuildConfiguration;
			buildSettings = {
				ALWAYS_SEARCH_USER_PATHS = NO;
				CLANG_CXX_LANGUAGE_STANDARD = "gnu++0x";
				CLANG_CXX_LIBRARY = "libc++";
				CLANG_ENABLE_MODULES = YES;
				CLANG_ENABLE_OBJC_ARC = YES;
				CLANG_WARN_BOOL_CONVERSION = YES;
				CLANG_WARN_CONSTANT_CONVERSION = YES;
				CLANG_WARN_DIRECT_OBJC_ISA_USAGE = YES_ERROR;
				CLANG_WARN_EMPTY_BODY = YES;
				CLANG_WARN_ENUM_CONVERSION = YES;
				CLANG_WARN_INT_CONVERSION = YES;
				CLANG_WARN_OBJC_ROOT_CLASS = YES_ERROR;
				CLANG_WARN_UNREACHABLE_CODE = YES;
				CLANG_WARN__DUPLICATE_METHOD_MATCH = YES;
				"CODE_SIGN_IDENTITY[sdk=iphoneos*]" = "iPhone Developer";
				COPY_PHASE_STRIP = NO;
				DEBUG_INFORMATION_FORMAT = dwarf;
				ENABLE_STRICT_OBJC_MSGSEND = YES;
				ENABLE_TESTABILITY = YES;
				GCC_C_LANGUAGE_STANDARD = gnu99;
				GCC_DYNAMIC_NO_PIC = NO;
				GCC_NO_COMMON_BLOCKS = YES;
				GCC_OPTIMIZATION_LEVEL = 0;
				GCC_PREPROCESSOR_DEFINITIONS = (
					"DEBUG=1",
					"$(inherited)",
				);
				GCC_WARN_64_TO_32_BIT_CONVERSION = YES;
				GCC_WARN_ABOUT_RETURN_TYPE = YES_ERROR;
				GCC_WARN_UNDECLARED_SELECTOR = YES;
				GCC_WARN_UNINITIALIZED_AUTOS = YES_AGGRESSIVE;
				GCC_WARN_UNUSED_FUNCTION = YES;
				GCC_WARN_UNUSED_VARIABLE = YES;
				IPHONEOS_DEPLOYMENT_TARGET = 9.2;
				MTL_ENABLE_DEBUG_INFO = YES;
				ONLY_ACTIVE_ARCH = YES;
				SDKROOT = iphoneos;
				SWIFT_OPTIMIZATION_LEVEL = "-Onone";
			};
			name = Debug;
		};
		6D5030771CA8E42000675396 /* Release */ = {
			isa = XCBuildConfiguration;
			buildSettings = {
				ALWAYS_SEARCH_USER_PATHS = NO;
				CLANG_CXX_LANGUAGE_STANDARD = "gnu++0x";
				CLANG_CXX_LIBRARY = "libc++";
				CLANG_ENABLE_MODULES = YES;
				CLANG_ENABLE_OBJC_ARC = YES;
				CLANG_WARN_BOOL_CONVERSION = YES;
				CLANG_WARN_CONSTANT_CONVERSION = YES;
				CLANG_WARN_DIRECT_OBJC_ISA_USAGE = YES_ERROR;
				CLANG_WARN_EMPTY_BODY = YES;
				CLANG_WARN_ENUM_CONVERSION = YES;
				CLANG_WARN_INT_CONVERSION = YES;
				CLANG_WARN_OBJC_ROOT_CLASS = YES_ERROR;
				CLANG_WARN_UNREACHABLE_CODE = YES;
				CLANG_WARN__DUPLICATE_METHOD_MATCH = YES;
				"CODE_SIGN_IDENTITY[sdk=iphoneos*]" = "iPhone Developer";
				COPY_PHASE_STRIP = NO;
				DEBUG_INFORMATION_FORMAT = "dwarf-with-dsym";
				ENABLE_NS_ASSERTIONS = NO;
				ENABLE_STRICT_OBJC_MSGSEND = YES;
				GCC_C_LANGUAGE_STANDARD = gnu99;
				GCC_NO_COMMON_BLOCKS = YES;
				GCC_WARN_64_TO_32_BIT_CONVERSION = YES;
				GCC_WARN_ABOUT_RETURN_TYPE = YES_ERROR;
				GCC_WARN_UNDECLARED_SELECTOR = YES;
				GCC_WARN_UNINITIALIZED_AUTOS = YES_AGGRESSIVE;
				GCC_WARN_UNUSED_FUNCTION = YES;
				GCC_WARN_UNUSED_VARIABLE = YES;
				IPHONEOS_DEPLOYMENT_TARGET = 9.2;
				MTL_ENABLE_DEBUG_INFO = NO;
				SDKROOT = iphoneos;
				VALIDATE_PRODUCT = YES;
			};
			name = Release;
		};
		6D5030791CA8E42000675396 /* Debug */ = {
			isa = XCBuildConfiguration;
			buildSettings = {
				ASSETCATALOG_COMPILER_APPICON_NAME = AppIcon;
				CODE_SIGN_IDENTITY = "iPhone Developer";
				INFOPLIST_FILE = awmap/Info.plist;
				LD_RUNPATH_SEARCH_PATHS = "$(inherited) @executable_path/Frameworks";
				PRODUCT_BUNDLE_IDENTIFIER = com.andreewijaya.awmap;
				PRODUCT_NAME = "$(TARGET_NAME)";
			};
			name = Debug;
		};
		6D50307A1CA8E42000675396 /* Release */ = {
			isa = XCBuildConfiguration;
			buildSettings = {
				ASSETCATALOG_COMPILER_APPICON_NAME = AppIcon;
				CODE_SIGN_IDENTITY = "iPhone Developer";
				INFOPLIST_FILE = awmap/Info.plist;
				LD_RUNPATH_SEARCH_PATHS = "$(inherited) @executable_path/Frameworks";
				PRODUCT_BUNDLE_IDENTIFIER = com.andreewijaya.awmap;
				PRODUCT_NAME = "$(TARGET_NAME)";
			};
			name = Release;
		};
/* End XCBuildConfiguration section */

/* Begin XCConfigurationList section */
		6D5030611CA8E42000675396 /* Build configuration list for PBXProject "awmap" */ = {
			isa = XCConfigurationList;
			buildConfigurations = (
				6D5030761CA8E42000675396 /* Debug */,
				6D5030771CA8E42000675396 /* Release */,
			);
			defaultConfigurationIsVisible = 0;
			defaultConfigurationName = Release;
		};
		6D5030781CA8E42000675396 /* Build configuration list for PBXNativeTarget "awmap" */ = {
			isa = XCConfigurationList;
			buildConfigurations = (
				6D5030791CA8E42000675396 /* Debug */,
				6D50307A1CA8E42000675396 /* Release */,
			);
			defaultConfigurationIsVisible = 0;
			defaultConfigurationName = Release;
		};
/* End XCConfigurationList section */
	};
	rootObject = 6D50305E1CA8E42000675396 /* Project object */;
}
